hash: f33b955044ff2fc8faeae60125af501cb5b39bbbba763bc031d48003dc06ac01
updated: 2016-02-05T15:47:39.300165474+08:00
imports:
- name: github.com/abbot/go-http-auth
  version: ca62df34b58d26b6a064246c21c0a18f97813173
- name: golang.org/x/crypto
  version: 1f22c0103821b9390939b6776727195525381532
- name: golang.org/x/net
  version: 7f88271ea9913b72aca44fa7fc8af919eacc17ce
- name: golang.org/x/text
  version: cd1d59e467ef512633026c0f15282e108e41d453
devImports: []
